<?xml version="1.0" encoding="utf-8"?>
<Project ToolsVersion="4.0" xmlns="http://schemas.microsoft.com/developer/msbuild/2003">
  <ItemGroup>
    <Filter Include="소스 파일">
      <UniqueIdentifier>{4FC737F1-C7A5-4376-A066-2A32D752A2FF}</UniqueIdentifier>
      <Extensions>cpp;c;cc;cxx;c++;cppm;ixx;def;odl;idl;hpj;bat;asm;asmx</Extensions>
    </Filter>
    <Filter Include="헤더 파일">
      <UniqueIdentifier>{93995380-89BD-4b04-88EB-625FBE52EBFB}</UniqueIdentifier>
      <Extensions>h;hh;hpp;hxx;h++;hm;inl;inc;ipp;xsd</Extensions>
    </Filter>
    <Filter Include="리소스 파일">
      <UniqueIdentifier>{67DA6AB6-F800-4c08-8B7A-83BB121AAD01}</UniqueIdentifier>
      <Extensions>rc;ico;cur;bmp;dlg;rc2;rct;bin;rgs;gif;jpg;jpeg;jpe;resx;tiff;tif;png;wav;mfcribbon-ms</Extensions>
    </Filter>
    <Filter Include="Projects">
      <UniqueIdentifier>{2f4bf7bf-3228-427e-98b4-41c61a65c842}</UniqueIdentifier>
    </Filter>
  </ItemGroup>
  <ItemGroup>
    <ClCompile Include="projects\DeCasteljau_Polynomial.cpp">
      <Filter>Projects</Filter>
    </ClCompile>
    <ClCompile Include="Engine.cpp">
      <Filter>소스 파일</Filter>
    </ClCompile>
    <ClCompile Include="glhelper.cpp">
      <Filter>소스 파일</Filter>
    </ClCompile>
    <ClCompile Include="glslshader.cpp">
      <Filter>소스 파일</Filter>
    </ClCompile>
    <ClCompile Include="main.cpp">
      <Filter>소스 파일</Filter>
    </ClCompile>
    <ClCompile Include="Font.cpp">
      <Filter>소스 파일</Filter>
    </ClCompile>
    <ClCompile Include="projects\DeCasteljau_BezierCurves.cpp">
      <Filter>Projects</Filter>
    </ClCompile>
    <ClCompile Include="projects\InterpolatingPolynomials_NewtonForm.cpp">
      <Filter>Projects</Filter>
    </ClCompile>
    <ClCompile Include="projects\InterpolatingCubicSplines.cpp">
      <Filter>Projects</Filter>
    </ClCompile>
    <ClCompile Include="projects\DeBoorAlgorithm_BSplineCurve.cpp">
      <Filter>Projects</Filter>
    </ClCompile>
  </ItemGroup>
  <ItemGroup>
    <ClInclude Include="projects\DeCasteljau_Polynomial.h">
      <Filter>Projects</Filter>
    </ClInclude>
    <ClInclude Include="projects\Projects.h">
      <Filter>Projects</Filter>
    </ClInclude>
    <ClInclude Include="Engine.h">
      <Filter>헤더 파일</Filter>
    </ClInclude>
    <ClInclude Include="glhelper.h">
      <Filter>헤더 파일</Filter>
    </ClInclude>
    <ClInclude Include="glslshader.h">
      <Filter>헤더 파일</Filter>
    </ClInclude>
    <ClInclude Include="math.h">
      <Filter>헤더 파일</Filter>
    </ClInclude>
    <ClInclude Include="Font.h">
      <Filter>헤더 파일</Filter>
    </ClInclude>
    <ClInclude Include="projects\DeCasteljau_BezierCurves.h">
      <Filter>Projects</Filter>
    </ClInclude>
    <ClInclude Include="projects\InterpolatingPolynomials_NewtonForm.h">
      <Filter>Projects</Filter>
    </ClInclude>
    <ClInclude Include="projects\InterpolatingCubicSplines.h">
      <Filter>Projects</Filter>
    </ClInclude>
    <ClInclude Include="projects\DeBoorAlgorithm_BSplineCurve.h">
      <Filter>Projects</Filter>
    </ClInclude>
  </ItemGroup>
</Project>